
Microsoft Visual Studio Solution File, Format Version 12.00
# Visual Studio Version 16
VisualStudioVersion = 16.0.30011.22
MinimumVisualStudioVersion = 10.0.40219.1
Project("{FAE04EC0-301F-11D3-BF4B-00C04F79EFBC}") = "TexMexTacosBot", "TexMexTacosBot\TexMexTacosBot.csproj", "{EC59B325-A370-4C0D-8F4C-3FC14036C2A3}"
EndProject
Project("{FAE04EC0-301F-11D3-BF4B-00C04F79EFBC}") = "SlackWithCSharp", "SlackWithCSharp\SlackWithCSharp.csproj", "{6861B64E-8023-4CE9-81BE-53DB423514B3}"
EndProject
Project("{FAE04EC0-301F-11D3-BF4B-00C04F79EFBC}") = "SendEmailWithSMTP", "SendEmailWithSMTP\SendEmailWithSMTP.csproj", "{3C152078-9E23-439C-BCC3-DEAB53D631DC}"
EndProject
Project("{FAE04EC0-301F-11D3-BF4B-00C04F79EFBC}") = "FactoryPatternAndMethod", "FactoryPatternAndMethod\FactoryPatternAndMethod.csproj", "{0B0503E1-5CEE-42A9-9ED7-03122A1D9FE2}"
EndProject
Global
	GlobalSection(SolutionConfigurationPlatforms) = preSolution
		Debug|Any CPU = Debug|Any CPU
		Release|Any CPU = Release|Any CPU
	EndGlobalSection
	GlobalSection(ProjectConfigurationPlatforms) = postSolution
		{EC59B325-A370-4C0D-8F4C-3FC14036C2A3}.Debug|Any CPU.ActiveCfg = Debug|Any CPU
		{EC59B325-A370-4C0D-8F4C-3FC14036C2A3}.Debug|Any CPU.Build.0 = Debug|Any CPU
		{EC59B325-A370-4C0D-8F4C-3FC14036C2A3}.Release|Any CPU.ActiveCfg = Release|Any CPU
		{EC59B325-A370-4C0D-8F4C-3FC14036C2A3}.Release|Any CPU.Build.0 = Release|Any CPU
		{6861B64E-8023-4CE9-81BE-53DB423514B3}.Debug|Any CPU.ActiveCfg = Debug|Any CPU
		{6861B64E-8023-4CE9-81BE-53DB423514B3}.Debug|Any CPU.Build.0 = Debug|Any CPU
		{6861B64E-8023-4CE9-81BE-53DB423514B3}.Release|Any CPU.ActiveCfg = Release|Any CPU
		{6861B64E-8023-4CE9-81BE-53DB423514B3}.Release|Any CPU.Build.0 = Release|Any CPU
		{3C152078-9E23-439C-BCC3-DEAB53D631DC}.Debug|Any CPU.ActiveCfg = Debug|Any CPU
		{3C152078-9E23-439C-BCC3-DEAB53D631DC}.Debug|Any CPU.Build.0 = Debug|Any CPU
		{3C152078-9E23-439C-BCC3-DEAB53D631DC}.Release|Any CPU.ActiveCfg = Release|Any CPU
		{3C152078-9E23-439C-BCC3-DEAB53D631DC}.Release|Any CPU.Build.0 = Release|Any CPU
		{0B0503E1-5CEE-42A9-9ED7-03122A1D9FE2}.Debug|Any CPU.ActiveCfg = Debug|Any CPU
		{0B0503E1-5CEE-42A9-9ED7-03122A1D9FE2}.Debug|Any CPU.Build.0 = Debug|Any CPU
		{0B0503E1-5CEE-42A9-9ED7-03122A1D9FE2}.Release|Any CPU.ActiveCfg = Release|Any CPU
		{0B0503E1-5CEE-42A9-9ED7-03122A1D9FE2}.Release|Any CPU.Build.0 = Release|Any CPU
	EndGlobalSection
	GlobalSection(SolutionProperties) = preSolution
		HideSolutionNode = FALSE
	EndGlobalSection
	GlobalSection(ExtensibilityGlobals) = postSolution
		SolutionGuid = {903BF038-240B-406B-89CB-E5AB75F7BC98}
	EndGlobalSection
EndGlobal
